
Microsoft Visual Studio Solution File, Format Version 12.00
# Visual Studio Version 17
VisualStudioVersion = 17.8.34525.116
MinimumVisualStudioVersion = 10.0.40219.1
Project("{FAE04EC0-301F-11D3-BF4B-00C04F79EFBC}") = "sample.singelton", "sample.singelton\sample.singelton.csproj", "{A5CA899A-E9F7-4627-9718-13CCF0CEC3A7}"
EndProject
Global
	GlobalSection(SolutionConfigurationPlatforms) = preSolution
		Debug|Any CPU = Debug|Any CPU
		Release|Any CPU = Release|Any CPU
	EndGlobalSection
	GlobalSection(ProjectConfigurationPlatforms) = postSolution
		{A5CA899A-E9F7-4627-9718-13CCF0CEC3A7}.Debug|Any CPU.ActiveCfg = Debug|Any CPU
		{A5CA899A-E9F7-4627-9718-13CCF0CEC3A7}.Debug|Any CPU.Build.0 = Debug|Any CPU
		{A5CA899A-E9F7-4627-9718-13CCF0CEC3A7}.Release|Any CPU.ActiveCfg = Release|Any CPU
		{A5CA899A-E9F7-4627-9718-13CCF0CEC3A7}.Release|Any CPU.Build.0 = Release|Any CPU
	EndGlobalSection
	GlobalSection(SolutionProperties) = preSolution
		HideSolutionNode = FALSE
	EndGlobalSection
	GlobalSection(ExtensibilityGlobals) = postSolution
		SolutionGuid = {DF4F5093-FF24-4566-82B3-28EF26F6AFEA}
	EndGlobalSection
EndGlobal
